
Microsoft Visual Studio Solution File, Format Version 12.00
# Visual Studio Version 17
VisualStudioVersion = 17.11.35312.102
MinimumVisualStudioVersion = 10.0.40219.1
Project("{FAE04EC0-301F-11D3-BF4B-00C04F79EFBC}") = "ProductInfoAndSales", "ProductInfoAndSales\ProductInfoAndSales.csproj", "{D066412F-D511-4EBB-8757-94D59A5C97F7}"
EndProject
Global
	GlobalSection(SolutionConfigurationPlatforms) = preSolution
		Debug|Any CPU = Debug|Any CPU
		Release|Any CPU = Release|Any CPU
	EndGlobalSection
	GlobalSection(ProjectConfigurationPlatforms) = postSolution
		{D066412F-D511-4EBB-8757-94D59A5C97F7}.Debug|Any CPU.ActiveCfg = Debug|Any CPU
		{D066412F-D511-4EBB-8757-94D59A5C97F7}.Debug|Any CPU.Build.0 = Debug|Any CPU
		{D066412F-D511-4EBB-8757-94D59A5C97F7}.Release|Any CPU.ActiveCfg = Release|Any CPU
		{D066412F-D511-4EBB-8757-94D59A5C97F7}.Release|Any CPU.Build.0 = Release|Any CPU
	EndGlobalSection
	GlobalSection(SolutionProperties) = preSolution
		HideSolutionNode = FALSE
	EndGlobalSection
	GlobalSection(ExtensibilityGlobals) = postSolution
		SolutionGuid = {ECB01A3D-1B3C-431B-AB22-F13BD7A6EE5E}
	EndGlobalSection
EndGlobal
