
Microsoft Visual Studio Solution File, Format Version 12.00
# Visual Studio Version 17
VisualStudioVersion = 17.11.35312.102
MinimumVisualStudioVersion = 10.0.40219.1
Project("{FAE04EC0-301F-11D3-BF4B-00C04F79EFBC}") = "StringFormatting", "StringFormatting\StringFormatting.csproj", "{0EF39AF8-0986-4902-BD9B-343AE1A57358}"
EndProject
Global
	GlobalSection(SolutionConfigurationPlatforms) = preSolution
		Debug|Any CPU = Debug|Any CPU
		Release|Any CPU = Release|Any CPU
	EndGlobalSection
	GlobalSection(ProjectConfigurationPlatforms) = postSolution
		{0EF39AF8-0986-4902-BD9B-343AE1A57358}.Debug|Any CPU.ActiveCfg = Debug|Any CPU
		{0EF39AF8-0986-4902-BD9B-343AE1A57358}.Debug|Any CPU.Build.0 = Debug|Any CPU
		{0EF39AF8-0986-4902-BD9B-343AE1A57358}.Release|Any CPU.ActiveCfg = Release|Any CPU
		{0EF39AF8-0986-4902-BD9B-343AE1A57358}.Release|Any CPU.Build.0 = Release|Any CPU
	EndGlobalSection
	GlobalSection(SolutionProperties) = preSolution
		HideSolutionNode = FALSE
	EndGlobalSection
	GlobalSection(ExtensibilityGlobals) = postSolution
		SolutionGuid = {1111442E-9486-4B72-B2C7-65879C1271C8}
	EndGlobalSection
EndGlobal
